
Microsoft Visual Studio Solution File, Format Version 12.00
# Visual Studio 15
VisualStudioVersion = 15.0.28010.2041
MinimumVisualStudioVersion = 10.0.40219.1
Project("{FAE04EC0-301F-11D3-BF4B-00C04F79EFBC}") = "ProjektDelkurs4", "ProjektDelkurs4\ProjektDelkurs4.csproj", "{B4416054-63BA-4E94-9371-C6B09E4B0A1B}"
EndProject
Global
	GlobalSection(SolutionConfigurationPlatforms) = preSolution
		Debug|Any CPU = Debug|Any CPU
		Release|Any CPU = Release|Any CPU
	EndGlobalSection
	GlobalSection(ProjectConfigurationPlatforms) = postSolution
		{B4416054-63BA-4E94-9371-C6B09E4B0A1B}.Debug|Any CPU.ActiveCfg = Debug|Any CPU
		{B4416054-63BA-4E94-9371-C6B09E4B0A1B}.Debug|Any CPU.Build.0 = Debug|Any CPU
		{B4416054-63BA-4E94-9371-C6B09E4B0A1B}.Release|Any CPU.ActiveCfg = Release|Any CPU
		{B4416054-63BA-4E94-9371-C6B09E4B0A1B}.Release|Any CPU.Build.0 = Release|Any CPU
	EndGlobalSection
	GlobalSection(SolutionProperties) = preSolution
		HideSolutionNode = FALSE
	EndGlobalSection
	GlobalSection(ExtensibilityGlobals) = postSolution
		SolutionGuid = {F122BC40-8F88-4B3B-9464-F8B0E9F9D185}
	EndGlobalSection
EndGlobal
